{
  "object": {
    "pins": [
      {
        "package": "Prelude",
        "repositoryURL": "https://github.com/pointfreeco/swift-prelude.git",
        "state": {
          "branch": "aab186e",
          "revision": "aab186e757d88efbca2f17939dd7b94731744852",
          "version": null
        }
      },
      {
        "package": "SnapshotTesting",
        "repositoryURL": "https://github.com/pointfreeco/swift-snapshot-testing.git",
        "state": {
          "branch": "6a292e9",
          "revision": "6a292e9fe1d994207f1bf47fefdb78ca44951a09",
          "version": null
        }
      }
    ]
  },
  "version": 1
}
